{
  "name": "app",
  "lockfileVersion": 3,
  "requires": true,
  "packages": {
    "": {
      "dependencies": {
        "openskill": "^4.1.0"
      }
    },
    "node_modules/@types/gaussian": {
      "version": "1.2.2",
      "resolved": "https://registry.npmjs.org/@types/gaussian/-/gaussian-1.2.2.tgz",
      "integrity": "sha512-FLlJb9oGcoq0xVaAmn5ytZWeEO4M7nfudewzqL6FxUUYLR5FB+hEzSYAsuhX7H7M6Mw/Z0rLbIVbQkMqHlRS7g==",
      "license": "MIT"
    },
    "node_modules/@types/ramda": {
      "version": "0.30.2",
      "resolved": "https://registry.npmjs.org/@types/ramda/-/ramda-0.30.2.tgz",
      "integrity": "sha512-PyzHvjCalm2BRYjAU6nIB3TprYwMNOUY/7P/N8bSzp9W/yM2YrtGtAnnVtaCNSeOZ8DzKyFDvaqQs7LnWwwmBA==",
      "license": "MIT",
      "dependencies": {
        "types-ramda": "^0.30.1"
      }
    },
    "node_modules/gaussian": {
      "version": "1.3.0",
      "resolved": "https://registry.npmjs.org/gaussian/-/gaussian-1.3.0.tgz",
      "integrity": "sha512-rYQ0ESfB+z0t7G95nHH80Zh7Pgg9A0FUYoZqV0yPec5WJZWKIHV2MPYpiJNy8oZAeVqyKwC10WXKSCnUQ5iDVg==",
      "license": "MIT",
      "engines": {
        "node": ">= 0.6.0"
      }
    },
    "node_modules/openskill": {
      "version": "4.1.0",
      "resolved": "https://registry.npmjs.org/openskill/-/openskill-4.1.0.tgz",
      "integrity": "sha512-8jEUpd3JJj8HWpNj9NUSQbPB3aI4WLp61VlG0kDLEwUjDYYmt1kXknol/4ckEftOPFi2zjq6MYcN/bUDxMNxEw==",
      "license": "MIT",
      "dependencies": {
        "@types/gaussian": "1.2.2",
        "@types/ramda": "0.30.2",
        "gaussian": "1.3.0",
        "ramda": "0.30.1",
        "sort-unwind": "3.1.0"
      },
      "engines": {
        "node": ">=18.0.0"
      }
    },
    "node_modules/ramda": {
      "version": "0.30.1",
      "resolved": "https://registry.npmjs.org/ramda/-/ramda-0.30.1.tgz",
      "integrity": "sha512-tEF5I22zJnuclswcZMc8bDIrwRHRzf+NqVEmqg50ShAZMP7MWeR/RGDthfM/p+BlqvF2fXAzpn8i+SJcYD3alw==",
      "license": "MIT",
      "funding": {
        "type": "opencollective",
        "url": "https://opencollective.com/ramda"
      }
    },
    "node_modules/sort-unwind": {
      "version": "3.1.0",
      "resolved": "https://registry.npmjs.org/sort-unwind/-/sort-unwind-3.1.0.tgz",
      "integrity": "sha512-9NJPZtqwIHNXBqY3SWZrwd/VU+lFo2i1Q79cuaRpMMkZFuf+Y54XVAADyy/w6r8t409KkNwo6cKaEKM56XaSNQ==",
      "license": "MIT",
      "engines": {
        "node": ">=18.0.0"
      }
    },
    "node_modules/ts-toolbelt": {
      "version": "9.6.0",
      "resolved": "https://registry.npmjs.org/ts-toolbelt/-/ts-toolbelt-9.6.0.tgz",
      "integrity": "sha512-nsZd8ZeNUzukXPlJmTBwUAuABDe/9qtVDelJeT/qW0ow3ZS3BsQJtNkan1802aM9Uf68/Y8ljw86Hu0h5IUW3w==",
      "license": "Apache-2.0"
    },
    "node_modules/types-ramda": {
      "version": "0.30.1",
      "resolved": "https://registry.npmjs.org/types-ramda/-/types-ramda-0.30.1.tgz",
      "integrity": "sha512-1HTsf5/QVRmLzcGfldPFvkVsAdi1db1BBKzi7iW3KBUlOICg/nKnFS+jGqDJS3YD8VsWbAh7JiHeBvbsw8RPxA==",
      "license": "MIT",
      "dependencies": {
        "ts-toolbelt": "^9.6.0"
      }
    }
  }
}
